# THIS IS AN AUTOGENERATED FILE. DO NOT EDIT THIS FILE DIRECTLY.
# yarn lockfile v1


"@vscode/l10n@^0.0.10":
  version "0.0.10"
  resolved "https://registry.yarnpkg.com/@vscode/l10n/-/l10n-0.0.10.tgz#9c513107c690c0dd16e3ec61e453743de15ebdb0"
  integrity sha512-E1OCmDcDWa0Ya7vtSjp/XfHFGqYJfh+YPC1RkATU71fTac+j1JjCcB3qwSzmlKAighx2WxhLlfhS0RwAN++PFQ==

"@vscode/l10n@^0.0.16":
  version "0.0.16"
  resolved "https://registry.yarnpkg.com/@vscode/l10n/-/l10n-0.0.16.tgz#f075db346d0b08419a12540171b230bd803c42be"
  integrity sha512-JT5CvrIYYCrmB+dCana8sUqJEcGB1ZDXNLMQ2+42bW995WmNoenijWMUdZfwmuQUTQcEVVIa2OecZzTYWUW9Cg==

boolbase@^1.0.0:
  version "1.0.0"
  resolved "https://registry.yarnpkg.com/boolbase/-/boolbase-1.0.0.tgz#68dff5fbe60c51eb37725ea9e3ed310dcc1e776e"
  integrity sha512-JZOSA7Mo9sNGB8+UjSgzdLtokWAky1zbztM3WRLCbZ70/3cTANmQmOdR7y2g+J0e2WXywy1yS468tY+IruqEww==

core-js@^3.20.1:
  version "3.24.0"
  resolved "https://registry.yarnpkg.com/core-js/-/core-js-3.24.0.tgz#4928d4e99c593a234eb1a1f9abd3122b04d3ac57"
  integrity sha512-IeOyT8A6iK37Ep4kZDD423mpi6JfPRoPUdQwEWYiGolvn4o6j2diaRzNfDfpTdu3a5qMbrGUzKUpYpRY8jXCkQ==

css-select@^5.1.0:
  version "5.1.0"
  resolved "https://registry.yarnpkg.com/css-select/-/css-select-5.1.0.tgz#b8ebd6554c3637ccc76688804ad3f6a6fdaea8a6"
  integrity sha512-nwoRF1rvRRnnCqqY7updORDsuqKzqYJ28+oSMaJMMgOauh3fvwHqMS7EZpIPqK8GL+g9mKxF1vP/ZjSeNjEVHg==
  dependencies:
    boolbase "^1.0.0"
    css-what "^6.1.0"
    domhandler "^5.0.2"
    domutils "^3.0.1"
    nth-check "^2.0.1"

css-what@^6.1.0:
  version "6.1.0"
  resolved "https://registry.yarnpkg.com/css-what/-/css-what-6.1.0.tgz#fb5effcf76f1ddea2c81bdfaa4de44e79bac70f4"
  integrity sha512-HTUrgRJ7r4dsZKU6GjmpfRK1O76h97Z8MfS1G0FozR+oF2kG6Vfe8JE6zwrkbxigziPHinCJ+gCPjA9EaBDtRw==

dom-serializer@^2.0.0:
  version "2.0.0"
  resolved "https://registry.yarnpkg.com/dom-serializer/-/dom-serializer-2.0.0.tgz#e41b802e1eedf9f6cae183ce5e622d789d7d8e53"
  integrity sha512-wIkAryiqt/nV5EQKqQpo3SToSOV9J0DnbJqwK7Wv/Trc92zIAYZ4FlMu+JPFW1DfGFt81ZTCGgDEabffXeLyJg==
  dependencies:
    domelementtype "^2.3.0"
    domhandler "^5.0.2"
    entities "^4.2.0"

domelementtype@^2.3.0:
  version "2.3.0"
  resolved "https://registry.yarnpkg.com/domelementtype/-/domelementtype-2.3.0.tgz#5c45e8e869952626331d7aab326d01daf65d589d"
  integrity sha512-OLETBj6w0OsagBwdXnPdN0cnMfF9opN69co+7ZrbfPGrdpPVNBUj02spi6B1N7wChLQiPn4CSH/zJvXw56gmHw==

domhandler@^5.0.2, domhandler@^5.0.3:
  version "5.0.3"
  resolved "https://registry.yarnpkg.com/domhandler/-/domhandler-5.0.3.tgz#cc385f7f751f1d1fc650c21374804254538c7d31"
  integrity sha512-cgwlv/1iFQiFnU96XXgROh8xTeetsnJiDsTc7TYCLFd9+/WNkIqPTxiM/8pSd8VIrhXGTf1Ny1q1hquVqDJB5w==
  dependencies:
    domelementtype "^2.3.0"

domutils@^3.0.1:
  version "3.1.0"
  resolved "https://registry.yarnpkg.com/domutils/-/domutils-3.1.0.tgz#c47f551278d3dc4b0b1ab8cbb42d751a6f0d824e"
  integrity sha512-H78uMmQtI2AhgDJjWeQmHwJJ2bLPD3GMmO7Zja/ZZh84wkm+4ut+IUnUdRa8uCGX88DiVx1j6FRe1XfxEgjEZA==
  dependencies:
    dom-serializer "^2.0.0"
    domelementtype "^2.3.0"
    domhandler "^5.0.3"

entities@^4.2.0:
  version "4.5.0"
  resolved "https://registry.yarnpkg.com/entities/-/entities-4.5.0.tgz#5d268ea5e7113ec74c4d033b79ea5a35a488fb48"
  integrity sha512-V0hjH4dGPh9Ao5p0MoRY6BVqtwCjhz6vI5LT8AJ55H+4g9/4vbHx1I54fS0XuclLhDHArPQCiMjDxjaL8fPxhw==

he@1.2.0:
  version "1.2.0"
  resolved "https://registry.yarnpkg.com/he/-/he-1.2.0.tgz#84ae65fa7eafb165fddb61566ae14baf05664f0f"
  integrity sha512-F/1DnUGPopORZi0ni+CvrCgHQ5FyEAHRLSApuYWMmrbSwoN2Mn/7k+Gl38gJnR7yyDZk6WLXwiGod1JOWNDKGw==

jsonc-parser@^3.2.0:
  version "3.2.0"
  resolved "https://registry.yarnpkg.com/jsonc-parser/-/jsonc-parser-3.2.0.tgz#31ff3f4c2b9793f89c67212627c51c6394f88e76"
  integrity sha512-gfFQZrcTc8CnKXp6Y4/CBT3fTc0OVuDofpre4aEeEpSBPV5X5v4+Vmx+8snU7RLPrNHPKSgLxGo9YuQzz20o+w==

node-html-parser@^6.1.5:
  version "6.1.11"
  resolved "https://registry.yarnpkg.com/node-html-parser/-/node-html-parser-6.1.11.tgz#387378111348c001a5c5fbebb7f478fdf65610aa"
  integrity sha512-FAgwwZ6h0DSDWxfD0Iq1tsDcBCxdJB1nXpLPPxX8YyVWzbfCjKWEzaynF4gZZ/8hziUmp7ZSaKylcn0iKhufUQ==
  dependencies:
    css-select "^5.1.0"
    he "1.2.0"

nth-check@^2.0.1:
  version "2.1.1"
  resolved "https://registry.yarnpkg.com/nth-check/-/nth-check-2.1.1.tgz#c9eab428effce36cd6b92c924bdb000ef1f1ed1d"
  integrity sha512-lqjrjmaOoAnWfMmBPL+XNnynZh2+swxiX3WUE0s4yEHI6m+AwrK2UZOimIRl3X/4QctVqS8AiZjFqyOGrMXb/w==
  dependencies:
    boolbase "^1.0.0"

picomatch@^2.3.1:
  version "2.3.1"
  resolved "https://registry.yarnpkg.com/picomatch/-/picomatch-2.3.1.tgz#3ba3833733646d9d3e4995946c1365a67fb07a42"
  integrity sha512-JU3teHTNjmE2VCGFzuY8EXzCDVwEqB2a8fsIvwaStHhAWJEeVd1o1QD80CU6+ZdEXXSLbSsuLwJjkCBWqRQUVA==

regenerator-runtime@^0.13.9:
  version "0.13.9"
  resolved "https://registry.yarnpkg.com/regenerator-runtime/-/regenerator-runtime-0.13.9.tgz#8925742a98ffd90814988d7566ad30ca3b263b52"
  integrity sha512-p3VT+cOEgxFsRRA9X4lkI1E+k2/CtnKtU4gcxyaCUreilL/vqI6CdZ3wxVUx3UOUg+gnUOQQcRI7BmSI656MYA==

request-light@^0.7.0:
  version "0.7.0"
  resolved "https://registry.yarnpkg.com/request-light/-/request-light-0.7.0.tgz#885628bb2f8040c26401ebf258ec51c4ae98ac2a"
  integrity sha512-lMbBMrDoxgsyO+yB3sDcrDuX85yYt7sS8BfQd11jtbW/z5ZWgLZRcEGLsLoYw7I0WSUGQBs8CC8ScIxkTX1+6Q==

typescript@^4.0.5:
  version "4.7.4"
  resolved "https://registry.yarnpkg.com/typescript/-/typescript-4.7.4.tgz#1a88596d1cf47d59507a1bcdfb5b9dfe4d488235"
  integrity sha512-C0WQT0gezHuw6AdY1M2jxUO83Rjf0HP7Sk1DtXj6j1EwkQNZrHAg2XPWlq62oqEhYvONq5pkC2Y9oPljWToLmQ==

vscode-css-languageservice@^6.2.10:
  version "6.2.11"
  resolved "https://registry.yarnpkg.com/vscode-css-languageservice/-/vscode-css-languageservice-6.2.11.tgz#40de8b34adb6d68ee96795ffb34e34d99fc26801"
  integrity sha512-qn49Wa6K94LnizpVxmlYrcPf1Cb36gq1nNueW0COhi4shylXBzET5wuDbH8ZWQlJD0HM5Mmnn7WE9vQVVs+ULA==
  dependencies:
    "@vscode/l10n" "^0.0.16"
    vscode-languageserver-textdocument "^1.0.11"
    vscode-languageserver-types "3.17.5"
    vscode-uri "^3.0.8"

vscode-html-languageservice@^5.1.0:
  version "5.1.1"
  resolved "https://registry.yarnpkg.com/vscode-html-languageservice/-/vscode-html-languageservice-5.1.1.tgz#8e56f7e11c1e3f4a9d56de0f97badea9296f4e04"
  integrity sha512-JenrspIIG/Q+93R6G3L6HdK96itSisMynE0glURqHpQbL3dKAKzdm8L40lAHNkwJeBg+BBPpAshZKv/38onrTQ==
  dependencies:
    "@vscode/l10n" "^0.0.16"
    vscode-languageserver-textdocument "^1.0.11"
    vscode-languageserver-types "^3.17.5"
    vscode-uri "^3.0.8"

vscode-json-languageservice@^5.3.7:
  version "5.3.7"
  resolved "https://registry.yarnpkg.com/vscode-json-languageservice/-/vscode-json-languageservice-5.3.7.tgz#63eec2448e5cfcde2eabce39c331681e6158f45e"
  integrity sha512-jdDggN2SLMQw4C/tLr11v6/OK4cMVGy7tbyZRHQvukQ6lcflY3UV+ZMkmwHKCqXz2TmxkjQb536eJW6JMEVeew==
  dependencies:
    "@vscode/l10n" "^0.0.16"
    jsonc-parser "^3.2.0"
    vscode-languageserver-textdocument "^1.0.11"
    vscode-languageserver-types "^3.17.5"
    vscode-uri "^3.0.8"

vscode-jsonrpc@8.2.0:
  version "8.2.0"
  resolved "https://registry.yarnpkg.com/vscode-jsonrpc/-/vscode-jsonrpc-8.2.0.tgz#f43dfa35fb51e763d17cd94dcca0c9458f35abf9"
  integrity sha512-C+r0eKJUIfiDIfwJhria30+TYWPtuHJXHtI7J0YlOmKAo7ogxP20T0zxB7HZQIFhIyvoBPwWskjxrvAtfjyZfA==

vscode-langservers-extracted@^4.8.0:
  version "4.8.0"
  resolved "https://registry.yarnpkg.com/vscode-langservers-extracted/-/vscode-langservers-extracted-4.8.0.tgz#1c8506fdd1c7bde86f78e14417b114b1c83c7af4"
  integrity sha512-kWqVdmdcf9Ez1P3hZpvCHomxVqrdK2awwZkezSW3SuXLX0kXS4x8WoA0GkF54SA0CiXtJWszaFpQghUNVlepuQ==
  dependencies:
    "@vscode/l10n" "^0.0.16"
    core-js "^3.20.1"
    jsonc-parser "^3.2.0"
    regenerator-runtime "^0.13.9"
    request-light "^0.7.0"
    typescript "^4.0.5"
    vscode-css-languageservice "^6.2.10"
    vscode-html-languageservice "^5.1.0"
    vscode-json-languageservice "^5.3.7"
    vscode-languageserver "^9.0.1"
    vscode-languageserver-textdocument "^1.0.11"
    vscode-languageserver-types "^3.17.5"
    vscode-markdown-languageservice "^0.4.0-alpha.7"
    vscode-nls "^5.2.0"
    vscode-uri "^3.0.8"

vscode-languageserver-protocol@3.17.5:
  version "3.17.5"
  resolved "https://registry.yarnpkg.com/vscode-languageserver-protocol/-/vscode-languageserver-protocol-3.17.5.tgz#864a8b8f390835572f4e13bd9f8313d0e3ac4bea"
  integrity sha512-mb1bvRJN8SVznADSGWM9u/b07H7Ecg0I3OgXDuLdn307rl/J3A9YD6/eYOssqhecL27hK1IPZAsaqh00i/Jljg==
  dependencies:
    vscode-jsonrpc "8.2.0"
    vscode-languageserver-types "3.17.5"

vscode-languageserver-textdocument@^1.0.11, vscode-languageserver-textdocument@^1.0.8:
  version "1.0.11"
  resolved "https://registry.yarnpkg.com/vscode-languageserver-textdocument/-/vscode-languageserver-textdocument-1.0.11.tgz#0822a000e7d4dc083312580d7575fe9e3ba2e2bf"
  integrity sha512-X+8T3GoiwTVlJbicx/sIAF+yuJAqz8VvwJyoMVhwEMoEKE/fkDmrqUgDMyBECcM2A2frVZIUj5HI/ErRXCfOeA==

vscode-languageserver-types@3.17.5, vscode-languageserver-types@^3.17.3, vscode-languageserver-types@^3.17.5:
  version "3.17.5"
  resolved "https://registry.yarnpkg.com/vscode-languageserver-types/-/vscode-languageserver-types-3.17.5.tgz#3273676f0cf2eab40b3f44d085acbb7f08a39d8a"
  integrity sha512-Ld1VelNuX9pdF39h2Hgaeb5hEZM2Z3jUrrMgWQAu82jMtZp7p3vJT3BzToKtZI7NgQssZje5o0zryOrhQvzQAg==

vscode-languageserver@^9.0.1:
  version "9.0.1"
  resolved "https://registry.yarnpkg.com/vscode-languageserver/-/vscode-languageserver-9.0.1.tgz#500aef82097eb94df90d008678b0b6b5f474015b"
  integrity sha512-woByF3PDpkHFUreUa7Hos7+pUWdeWMXRd26+ZX2A8cFx6v/JPTtd4/uN0/jB6XQHYaOlHbio03NTHCqrgG5n7g==
  dependencies:
    vscode-languageserver-protocol "3.17.5"

vscode-markdown-languageservice@^0.4.0-alpha.7:
  version "0.4.0-alpha.8"
  resolved "https://registry.yarnpkg.com/vscode-markdown-languageservice/-/vscode-markdown-languageservice-0.4.0-alpha.8.tgz#5c3aaf3b3cd3f6b309f8dfcf93cbfb1397041adc"
  integrity sha512-6S6RE5s+4biWg2xk9bpwNi6GihUYQIVxdO3I+jb/XDyvfmqYVxrN86cKLF8QSbaQvX3fMuBAxBLFfX93FdJi3w==
  dependencies:
    "@vscode/l10n" "^0.0.10"
    node-html-parser "^6.1.5"
    picomatch "^2.3.1"
    vscode-languageserver-textdocument "^1.0.8"
    vscode-languageserver-types "^3.17.3"
    vscode-uri "^3.0.7"

vscode-nls@^5.2.0:
  version "5.2.0"
  resolved "https://registry.yarnpkg.com/vscode-nls/-/vscode-nls-5.2.0.tgz#3cb6893dd9bd695244d8a024bdf746eea665cc3f"
  integrity sha512-RAaHx7B14ZU04EU31pT+rKz2/zSl7xMsfIZuo8pd+KZO6PXtQmpevpq3vxvWNcrGbdmhM/rr5Uw5Mz+NBfhVng==

vscode-uri@^3.0.7, vscode-uri@^3.0.8:
  version "3.0.8"
  resolved "https://registry.yarnpkg.com/vscode-uri/-/vscode-uri-3.0.8.tgz#1770938d3e72588659a172d0fd4642780083ff9f"
  integrity sha512-AyFQ0EVmsOZOlAnxoFOGOq1SQDWAB7C6aqMGS23svWAllfOaxbuFvcT8D1i8z3Gyn8fraVeZNNmN6e9bxxXkKw==
