# THIS IS AN AUTOGENERATED FILE. DO NOT EDIT THIS FILE DIRECTLY.
# yarn lockfile v1


core-js@^3.20.1:
  version "3.24.0"
  resolved "https://registry.yarnpkg.com/core-js/-/core-js-3.24.0.tgz#4928d4e99c593a234eb1a1f9abd3122b04d3ac57"
  integrity sha512-IeOyT8A6iK37Ep4kZDD423mpi6JfPRoPUdQwEWYiGolvn4o6j2diaRzNfDfpTdu3a5qMbrGUzKUpYpRY8jXCkQ==

jsonc-parser@^3.1.0:
  version "3.1.0"
  resolved "https://registry.yarnpkg.com/jsonc-parser/-/jsonc-parser-3.1.0.tgz#73b8f0e5c940b83d03476bc2e51a20ef0932615d"
  integrity sha512-DRf0QjnNeCUds3xTjKlQQ3DpJD51GvDjJfnxUVWg6PZTo2otSm+slzNAxU/35hF8/oJIKoG9slq30JYOsF2azg==

picomatch@^2.3.1:
  version "2.3.1"
  resolved "https://registry.yarnpkg.com/picomatch/-/picomatch-2.3.1.tgz#3ba3833733646d9d3e4995946c1365a67fb07a42"
  integrity sha512-JU3teHTNjmE2VCGFzuY8EXzCDVwEqB2a8fsIvwaStHhAWJEeVd1o1QD80CU6+ZdEXXSLbSsuLwJjkCBWqRQUVA==

regenerator-runtime@^0.13.9:
  version "0.13.9"
  resolved "https://registry.yarnpkg.com/regenerator-runtime/-/regenerator-runtime-0.13.9.tgz#8925742a98ffd90814988d7566ad30ca3b263b52"
  integrity sha512-p3VT+cOEgxFsRRA9X4lkI1E+k2/CtnKtU4gcxyaCUreilL/vqI6CdZ3wxVUx3UOUg+gnUOQQcRI7BmSI656MYA==

request-light@^0.5.8:
  version "0.5.8"
  resolved "https://registry.yarnpkg.com/request-light/-/request-light-0.5.8.tgz#8bf73a07242b9e7b601fac2fa5dc22a094abcc27"
  integrity sha512-3Zjgh+8b5fhRJBQZoy+zbVKpAQGLyka0MPgW3zruTF4dFFJ8Fqcfu9YsAvi/rvdcaTeWG3MkbZv4WKxAn/84Lg==

typescript@^4.0.5:
  version "4.7.4"
  resolved "https://registry.yarnpkg.com/typescript/-/typescript-4.7.4.tgz#1a88596d1cf47d59507a1bcdfb5b9dfe4d488235"
  integrity sha512-C0WQT0gezHuw6AdY1M2jxUO83Rjf0HP7Sk1DtXj6j1EwkQNZrHAg2XPWlq62oqEhYvONq5pkC2Y9oPljWToLmQ==

vscode-css-languageservice@^6.0.1:
  version "6.0.1"
  resolved "https://registry.yarnpkg.com/vscode-css-languageservice/-/vscode-css-languageservice-6.0.1.tgz#ccf94944e094dcc5833d1b4ac276994b698e9283"
  integrity sha512-81n/eeYuJwQdvpoy6IK1258PtPbO720fl13FcJ5YQECPyHMFkmld1qKHwPJkyLbLPfboqJPM53ys4xW8v+iBVw==
  dependencies:
    vscode-languageserver-textdocument "^1.0.4"
    vscode-languageserver-types "^3.17.1"
    vscode-nls "^5.0.1"
    vscode-uri "^3.0.3"

vscode-html-languageservice@^5.0.0:
  version "5.0.1"
  resolved "https://registry.yarnpkg.com/vscode-html-languageservice/-/vscode-html-languageservice-5.0.1.tgz#bdf7847d27a453a9e98ae2836ead7594784c5c1c"
  integrity sha512-OYsyn5HGAhxs0OIG+M0jc34WnftLtD67Wg7+TfrYwvf0waOkkr13zUqtdrVm2JPNQ6fJx+qnuM+vTbq7o1dCdQ==
  dependencies:
    vscode-languageserver-textdocument "^1.0.4"
    vscode-languageserver-types "^3.17.1"
    vscode-nls "^5.0.1"
    vscode-uri "^3.0.3"

vscode-json-languageservice@^5.1.0:
  version "5.1.0"
  resolved "https://registry.yarnpkg.com/vscode-json-languageservice/-/vscode-json-languageservice-5.1.0.tgz#b1f197a60338cb378189fcb41489a84846724dd9"
  integrity sha512-D5612D7h/Gh4A0JmdttPveWzT9dur21WXvBHWKPdOt0sLO6ILz8vN6+IzWnvwDOVAEFTpzIAMVMZwbKZkwGGiA==
  dependencies:
    jsonc-parser "^3.1.0"
    vscode-languageserver-textdocument "^1.0.4"
    vscode-languageserver-types "^3.17.1"
    vscode-nls "^5.0.1"
    vscode-uri "^3.0.3"

vscode-jsonrpc@8.0.2:
  version "8.0.2"
  resolved "https://registry.yarnpkg.com/vscode-jsonrpc/-/vscode-jsonrpc-8.0.2.tgz#f239ed2cd6004021b6550af9fd9d3e47eee3cac9"
  integrity sha512-RY7HwI/ydoC1Wwg4gJ3y6LpU9FJRZAUnTYMXthqhFXXu77ErDd/xkREpGuk4MyYkk4a+XDWAMqe0S3KkelYQEQ==

vscode-langservers-extracted@^4.4.0:
  version "4.4.0"
  resolved "https://registry.yarnpkg.com/vscode-langservers-extracted/-/vscode-langservers-extracted-4.4.0.tgz#55260ece2dc932ae20dd68e579cc4c4a7df9a7af"
  integrity sha512-sWXDFmAvXMUhF5E+6v4e77SwhVPSvdLxGGfkOz15LmAsfKoamKMnW7aARnu6mRWOzqz3hKJqVZN4hnCpdvtLKg==
  dependencies:
    core-js "^3.20.1"
    jsonc-parser "^3.1.0"
    regenerator-runtime "^0.13.9"
    request-light "^0.5.8"
    typescript "^4.0.5"
    vscode-css-languageservice "^6.0.1"
    vscode-html-languageservice "^5.0.0"
    vscode-json-languageservice "^5.1.0"
    vscode-languageserver "^8.0.2"
    vscode-languageserver-textdocument "^1.0.5"
    vscode-languageserver-types "^3.17.2"
    vscode-markdown-languageservice "^0.0.0-alpha.10"
    vscode-nls "^5.0.1"
    vscode-uri "^3.0.3"

vscode-languageserver-protocol@3.17.2:
  version "3.17.2"
  resolved "https://registry.yarnpkg.com/vscode-languageserver-protocol/-/vscode-languageserver-protocol-3.17.2.tgz#beaa46aea06ed061576586c5e11368a9afc1d378"
  integrity sha512-8kYisQ3z/SQ2kyjlNeQxbkkTNmVFoQCqkmGrzLH6A9ecPlgTbp3wDTnUNqaUxYr4vlAcloxx8zwy7G5WdguYNg==
  dependencies:
    vscode-jsonrpc "8.0.2"
    vscode-languageserver-types "3.17.2"

vscode-languageserver-textdocument@^1.0.4, vscode-languageserver-textdocument@^1.0.5:
  version "1.0.5"
  resolved "https://registry.yarnpkg.com/vscode-languageserver-textdocument/-/vscode-languageserver-textdocument-1.0.5.tgz#838769940ece626176ec5d5a2aa2d0aa69f5095c"
  integrity sha512-1ah7zyQjKBudnMiHbZmxz5bYNM9KKZYz+5VQLj+yr8l+9w3g+WAhCkUkWbhMEdC5u0ub4Ndiye/fDyS8ghIKQg==

vscode-languageserver-types@3.17.2, vscode-languageserver-types@^3.17.1, vscode-languageserver-types@^3.17.2:
  version "3.17.2"
  resolved "https://registry.yarnpkg.com/vscode-languageserver-types/-/vscode-languageserver-types-3.17.2.tgz#b2c2e7de405ad3d73a883e91989b850170ffc4f2"
  integrity sha512-zHhCWatviizPIq9B7Vh9uvrH6x3sK8itC84HkamnBWoDFJtzBf7SWlpLCZUit72b3os45h6RWQNC9xHRDF8dRA==

vscode-languageserver@^8.0.2:
  version "8.0.2"
  resolved "https://registry.yarnpkg.com/vscode-languageserver/-/vscode-languageserver-8.0.2.tgz#cfe2f0996d9dfd40d3854e786b2821604dfec06d"
  integrity sha512-bpEt2ggPxKzsAOZlXmCJ50bV7VrxwCS5BI4+egUmure/oI/t4OlFzi/YNtVvY24A2UDOZAgwFGgnZPwqSJubkA==
  dependencies:
    vscode-languageserver-protocol "3.17.2"

vscode-markdown-languageservice@^0.0.0-alpha.10:
  version "0.0.0-alpha.12"
  resolved "https://registry.yarnpkg.com/vscode-markdown-languageservice/-/vscode-markdown-languageservice-0.0.0-alpha.12.tgz#5a3c7559969c3cb455d508d48129c8e221589630"
  integrity sha512-9dJ/GL6A9UUOcB1TpvgsbcwqsYjnxHx4jxDaqeZZEMWFSUySfp0PAn1ge2S2Qj00zypvsu0eCTGUNd56G1/BNQ==
  dependencies:
    picomatch "^2.3.1"
    vscode-languageserver-textdocument "^1.0.5"
    vscode-languageserver-types "^3.17.1"
    vscode-nls "^5.0.1"
    vscode-uri "^3.0.3"

vscode-nls@^5.0.1:
  version "5.0.1"
  resolved "https://registry.yarnpkg.com/vscode-nls/-/vscode-nls-5.0.1.tgz#ba23fc4d4420d25e7f886c8e83cbdcec47aa48b2"
  integrity sha512-hHQV6iig+M21lTdItKPkJAaWrxALQb/nqpVffakO4knJOh3DrU2SXOMzUzNgo1eADPzu3qSsJY1weCzvR52q9A==

vscode-uri@^3.0.3:
  version "3.0.3"
  resolved "https://registry.yarnpkg.com/vscode-uri/-/vscode-uri-3.0.3.tgz#a95c1ce2e6f41b7549f86279d19f47951e4f4d84"
  integrity sha512-EcswR2S8bpR7fD0YPeS7r2xXExrScVMxg4MedACaWHEtx9ftCF/qHG1xGkolzTPcEmjTavCQgbVzHUIdTMzFGA==
