# THIS IS AN AUTOGENERATED FILE. DO NOT EDIT THIS FILE DIRECTLY.
# yarn lockfile v1


typescript-language-server@^4.3.1:
  version "4.3.1"
  resolved "https://registry.yarnpkg.com/typescript-language-server/-/typescript-language-server-4.3.1.tgz#304ce8ab0ac3c42ea8f50b7c0e7f83609db793a0"
  integrity sha512-DyRbGI9bM35tRq7THqOEUkksng73iZt7s4sfdrqjoX6Ij3BXV2rT95V5x20A0I8jUCV/DU3osOMC+2wPL+WXNQ==
