# THIS IS AN AUTOGENERATED FILE. DO NOT EDIT THIS FILE DIRECTLY.
# yarn lockfile v1


"@astrojs/compiler@^2.9.1":
  version "2.9.2"
  resolved "https://registry.yarnpkg.com/@astrojs/compiler/-/compiler-2.9.2.tgz#c01dcdb14dc938758e66f9856934b83b6cd986d1"
  integrity sha512-Vpu0Ffsj8SoV+N0DFHlxxOMKHwSC9059Xy/OlG1t6uFYSoJXxkBC2WyF6igO7x10V+8uJrhOxaXr3nA90kJXow==

"@astrojs/language-server@^2.8.4":
  version "2.12.1"
  resolved "https://registry.yarnpkg.com/@astrojs/language-server/-/language-server-2.12.1.tgz#799e8eed7626a7263b8e2c38e98a73f4ed111028"
  integrity sha512-CCibE6XwSmrZEKlPDr48LZJN7NWxOurOJK1yOzqZFMNV8Y6DIqF6s1e60gbNNHMZkthWYBNTPno4Ni/XyviinQ==
  dependencies:
    "@astrojs/compiler" "^2.9.1"
    "@jridgewell/sourcemap-codec" "^1.4.15"
    "@volar/kit" "~2.4.0-alpha.15"
    "@volar/language-core" "~2.4.0-alpha.15"
    "@volar/language-server" "~2.4.0-alpha.15"
    "@volar/language-service" "~2.4.0-alpha.15"
    "@volar/typescript" "~2.4.0-alpha.15"
    fast-glob "^3.2.12"
    muggle-string "^0.4.1"
    volar-service-css "0.0.59"
    volar-service-emmet "0.0.59"
    volar-service-html "0.0.59"
    volar-service-prettier "0.0.59"
    volar-service-typescript "0.0.59"
    volar-service-typescript-twoslash-queries "0.0.59"
    vscode-html-languageservice "^5.2.0"
    vscode-uri "^3.0.8"

"@emmetio/abbreviation@^2.3.3":
  version "2.3.3"
  resolved "https://registry.yarnpkg.com/@emmetio/abbreviation/-/abbreviation-2.3.3.tgz#ed2b88fe37b972292d6026c7c540aaf887cecb6e"
  integrity sha512-mgv58UrU3rh4YgbE/TzgLQwJ3pFsHHhCLqY20aJq+9comytTXUDNGG/SMtSeMJdkpxgXSXunBGLD8Boka3JyVA==
  dependencies:
    "@emmetio/scanner" "^1.0.4"

"@emmetio/css-abbreviation@^2.1.8":
  version "2.1.8"
  resolved "https://registry.yarnpkg.com/@emmetio/css-abbreviation/-/css-abbreviation-2.1.8.tgz#b785313486eba6cb7eb623ad39378c4e1063dc00"
  integrity sha512-s9yjhJ6saOO/uk1V74eifykk2CBYi01STTK3WlXWGOepyKa23ymJ053+DNQjpFcy1ingpaO7AxCcwLvHFY9tuw==
  dependencies:
    "@emmetio/scanner" "^1.0.4"

"@emmetio/css-parser@^0.4.0":
  version "0.4.0"
  resolved "https://registry.yarnpkg.com/@emmetio/css-parser/-/css-parser-0.4.0.tgz#96135093480c79703df0e4f178f7f8f2b669fbc2"
  integrity sha512-z7wkxRSZgrQHXVzObGkXG+Vmj3uRlpM11oCZ9pbaz0nFejvCDmAiNDpY75+wgXOcffKpj4rzGtwGaZxfJKsJxw==
  dependencies:
    "@emmetio/stream-reader" "^2.2.0"
    "@emmetio/stream-reader-utils" "^0.1.0"

"@emmetio/html-matcher@^1.3.0":
  version "1.3.0"
  resolved "https://registry.yarnpkg.com/@emmetio/html-matcher/-/html-matcher-1.3.0.tgz#43b7a71b91cdc511cb699cbe9c67bb5d4cab6754"
  integrity sha512-NTbsvppE5eVyBMuyGfVu2CRrLvo7J4YHb6t9sBFLyY03WYhXET37qA4zOYUjBWFCRHO7pS1B9khERtY0f5JXPQ==
  dependencies:
    "@emmetio/scanner" "^1.0.0"

"@emmetio/scanner@^1.0.0", "@emmetio/scanner@^1.0.4":
  version "1.0.4"
  resolved "https://registry.yarnpkg.com/@emmetio/scanner/-/scanner-1.0.4.tgz#e9cdc67194fd91f8b7eb141014be4f2d086c15f1"
  integrity sha512-IqRuJtQff7YHHBk4G8YZ45uB9BaAGcwQeVzgj/zj8/UdOhtQpEIupUhSk8dys6spFIWVZVeK20CzGEnqR5SbqA==

"@emmetio/stream-reader-utils@^0.1.0":
  version "0.1.0"
  resolved "https://registry.yarnpkg.com/@emmetio/stream-reader-utils/-/stream-reader-utils-0.1.0.tgz#244cb02c77ec2e74f78a9bd318218abc9c500a61"
  integrity sha512-ZsZ2I9Vzso3Ho/pjZFsmmZ++FWeEd/txqybHTm4OgaZzdS8V9V/YYWQwg5TC38Z7uLWUV1vavpLLbjJtKubR1A==

"@emmetio/stream-reader@^2.2.0":
  version "2.2.0"
  resolved "https://registry.yarnpkg.com/@emmetio/stream-reader/-/stream-reader-2.2.0.tgz#46cffea119a0a003312a21c2d9b5628cb5fcd442"
  integrity sha512-fXVXEyFA5Yv3M3n8sUGT7+fvecGrZP4k6FnWWMSZVQf69kAq0LLpaBQLGcPR30m3zMmKYhECP4k/ZkzvhEW5kw==

"@jridgewell/sourcemap-codec@^1.4.15":
  version "1.5.0"
  resolved "https://registry.yarnpkg.com/@jridgewell/sourcemap-codec/-/sourcemap-codec-1.5.0.tgz#3188bcb273a414b0d215fd22a58540b989b9409a"
  integrity sha512-gv3ZRaISU3fjPAgNsriBRqGWQL6quFx04YMPW/zD8XMLsU32mhCCbfbO6KZFLjvYpCZ8zyDEgqsgf+PwPaM7GQ==

"@nodelib/fs.scandir@2.1.5":
  version "2.1.5"
  resolved "https://registry.yarnpkg.com/@nodelib/fs.scandir/-/fs.scandir-2.1.5.tgz#7619c2eb21b25483f6d167548b4cfd5a7488c3d5"
  integrity sha512-vq24Bq3ym5HEQm2NKCr3yXDwjc7vTsEThRDnkp2DK9p1uqLR+DHurm/NOTo0KG7HYHU7eppKZj3MyqYuMBf62g==
  dependencies:
    "@nodelib/fs.stat" "2.0.5"
    run-parallel "^1.1.9"

"@nodelib/fs.stat@2.0.5", "@nodelib/fs.stat@^2.0.2":
  version "2.0.5"
  resolved "https://registry.yarnpkg.com/@nodelib/fs.stat/-/fs.stat-2.0.5.tgz#5bd262af94e9d25bd1e71b05deed44876a222e8b"
  integrity sha512-RkhPPp2zrqDAQA/2jNhnztcPAlv64XdhIp7a7454A5ovI7Bukxgt7MX7udwAu3zg1DcpPU0rz3VV1SeaqvY4+A==

"@nodelib/fs.walk@^1.2.3":
  version "1.2.8"
  resolved "https://registry.yarnpkg.com/@nodelib/fs.walk/-/fs.walk-1.2.8.tgz#e95737e8bb6746ddedf69c556953494f196fe69a"
  integrity sha512-oGB+UxlgWcgQkgwo8GcEGwemoTFt3FIO9ababBmaGwXIoBKZ+GTy0pP185beGg7Llih/NSHSV2XAs1lnznocSg==
  dependencies:
    "@nodelib/fs.scandir" "2.1.5"
    fastq "^1.6.0"

"@volar/kit@~2.4.0-alpha.15":
  version "2.4.0-alpha.18"
  resolved "https://registry.yarnpkg.com/@volar/kit/-/kit-2.4.0-alpha.18.tgz#b3c87cd72e08b227a5a4aa01178c27fa90c79142"
  integrity sha512-dZMSNhesh23lhd61ax2l04IgIcYofAjm8M+5BKAmX47ROweyc8RrrslszCFUJynlmXx6JS1PoHqvo8+E0aAYQQ==
  dependencies:
    "@volar/language-service" "2.4.0-alpha.18"
    "@volar/typescript" "2.4.0-alpha.18"
    typesafe-path "^0.2.2"
    vscode-languageserver-textdocument "^1.0.11"
    vscode-uri "^3.0.8"

"@volar/language-core@2.4.0-alpha.18", "@volar/language-core@~2.4.0-alpha.15":
  version "2.4.0-alpha.18"
  resolved "https://registry.yarnpkg.com/@volar/language-core/-/language-core-2.4.0-alpha.18.tgz#dafffd68ac07c26d69de16741187fd4c06bfa345"
  integrity sha512-JAYeJvYQQROmVRtSBIczaPjP3DX4QW1fOqW1Ebs0d3Y3EwSNRglz03dSv0Dm61dzd0Yx3WgTW3hndDnTQqgmyg==
  dependencies:
    "@volar/source-map" "2.4.0-alpha.18"

"@volar/language-server@~2.4.0-alpha.15":
  version "2.4.0-alpha.18"
  resolved "https://registry.yarnpkg.com/@volar/language-server/-/language-server-2.4.0-alpha.18.tgz#a159ddbbc5a0d67297c9f6a87dcd67f8d7c47158"
  integrity sha512-dciHEE/R5kzI0bY71QfkoCVQ3cQI6g9MHfA4oIP6UhnJy0CdleUalWSygOXoD3Nq7Yk6wn2BRrb1PP5MsadY/Q==
  dependencies:
    "@volar/language-core" "2.4.0-alpha.18"
    "@volar/language-service" "2.4.0-alpha.18"
    "@volar/snapshot-document" "2.4.0-alpha.18"
    "@volar/typescript" "2.4.0-alpha.18"
    path-browserify "^1.0.1"
    request-light "^0.7.0"
    vscode-languageserver "^9.0.1"
    vscode-languageserver-protocol "^3.17.5"
    vscode-languageserver-textdocument "^1.0.11"
    vscode-uri "^3.0.8"

"@volar/language-service@2.4.0-alpha.18", "@volar/language-service@~2.4.0-alpha.15":
  version "2.4.0-alpha.18"
  resolved "https://registry.yarnpkg.com/@volar/language-service/-/language-service-2.4.0-alpha.18.tgz#8421721ae76820e532e7d2c3689b3a07ed0ad558"
  integrity sha512-EuetrtbEtudi9buinWAG5U3Jam5dY27zXd/7GYnx542kBwanWOBM8i4DAQd0z7M11fOxXgybxPA933uaSyaOog==
  dependencies:
    "@volar/language-core" "2.4.0-alpha.18"
    vscode-languageserver-protocol "^3.17.5"
    vscode-languageserver-textdocument "^1.0.11"
    vscode-uri "^3.0.8"

"@volar/snapshot-document@2.4.0-alpha.18":
  version "2.4.0-alpha.18"
  resolved "https://registry.yarnpkg.com/@volar/snapshot-document/-/snapshot-document-2.4.0-alpha.18.tgz#febef0ffb8c49b06341c2539cdd865519e3c0c70"
  integrity sha512-JAeclEly/wnILhR4Pu9MpgBLInZJH49O1zoy8fU+pk5I+zpv7JIEby5z2UFAS60+sIDnxBdAGd7rZ5VibE70vg==
  dependencies:
    vscode-languageserver-protocol "^3.17.5"
    vscode-languageserver-textdocument "^1.0.11"

"@volar/source-map@2.4.0-alpha.18":
  version "2.4.0-alpha.18"
  resolved "https://registry.yarnpkg.com/@volar/source-map/-/source-map-2.4.0-alpha.18.tgz#a2413932ff6b1821ae8efcbd9249d4da3f99f223"
  integrity sha512-MTeCV9MUwwsH0sNFiZwKtFrrVZUK6p8ioZs3xFzHc2cvDXHWlYN3bChdQtwKX+FY2HG6H3CfAu1pKijolzIQ8g==

"@volar/typescript@2.4.0-alpha.18", "@volar/typescript@~2.4.0-alpha.15":
  version "2.4.0-alpha.18"
  resolved "https://registry.yarnpkg.com/@volar/typescript/-/typescript-2.4.0-alpha.18.tgz#806aca9ce1bd7c48dc5fcd0fcf7f33bdd04e5b35"
  integrity sha512-sXh5Y8sqGUkgxpMWUGvRXggxYHAVxg0Pa1C42lQZuPDrW6vHJPR0VCK8Sr7WJsAW530HuNQT/ZIskmXtxjybMQ==
  dependencies:
    "@volar/language-core" "2.4.0-alpha.18"
    path-browserify "^1.0.1"
    vscode-uri "^3.0.8"

"@vscode/emmet-helper@^2.9.3":
  version "2.9.3"
  resolved "https://registry.yarnpkg.com/@vscode/emmet-helper/-/emmet-helper-2.9.3.tgz#8a8b228981fcf2d9346fdca77b9ad5a31dc09dba"
  integrity sha512-rB39LHWWPQYYlYfpv9qCoZOVioPCftKXXqrsyqN1mTWZM6dTnONT63Db+03vgrBbHzJN45IrgS/AGxw9iiqfEw==
  dependencies:
    emmet "^2.4.3"
    jsonc-parser "^2.3.0"
    vscode-languageserver-textdocument "^1.0.1"
    vscode-languageserver-types "^3.15.1"
    vscode-uri "^2.1.2"

"@vscode/l10n@^0.0.18":
  version "0.0.18"
  resolved "https://registry.yarnpkg.com/@vscode/l10n/-/l10n-0.0.18.tgz#916d3a5e960dbab47c1c56f58a7cb5087b135c95"
  integrity sha512-KYSIHVmslkaCDyw013pphY+d7x1qV8IZupYfeIfzNA+nsaWHbn5uPuQRvdRFsa9zFzGeudPuoGoZ1Op4jrJXIQ==

braces@^3.0.3:
  version "3.0.3"
  resolved "https://registry.yarnpkg.com/braces/-/braces-3.0.3.tgz#490332f40919452272d55a8480adc0c441358789"
  integrity sha512-yQbXgO/OSZVD2IsiLlro+7Hf6Q18EJrKSEsdoMzKePKXct3gvD8oLcOQdIzGupr5Fj+EDe8gO/lxc1BzfMpxvA==
  dependencies:
    fill-range "^7.1.1"

emmet@^2.4.3:
  version "2.4.7"
  resolved "https://registry.yarnpkg.com/emmet/-/emmet-2.4.7.tgz#19893c34e6274af14ea3c5729101e3c4ed18f01e"
  integrity sha512-O5O5QNqtdlnQM2bmKHtJgyChcrFMgQuulI+WdiOw2NArzprUqqxUW6bgYtKvzKgrsYpuLWalOkdhNP+1jluhCA==
  dependencies:
    "@emmetio/abbreviation" "^2.3.3"
    "@emmetio/css-abbreviation" "^2.1.8"

fast-glob@^3.2.12:
  version "3.3.2"
  resolved "https://registry.yarnpkg.com/fast-glob/-/fast-glob-3.3.2.tgz#a904501e57cfdd2ffcded45e99a54fef55e46129"
  integrity sha512-oX2ruAFQwf/Orj8m737Y5adxDQO0LAB7/S5MnxCdTNDd4p6BsyIVsv9JQsATbTSq8KHRpLwIHbVlUNatxd+1Ow==
  dependencies:
    "@nodelib/fs.stat" "^2.0.2"
    "@nodelib/fs.walk" "^1.2.3"
    glob-parent "^5.1.2"
    merge2 "^1.3.0"
    micromatch "^4.0.4"

fastq@^1.6.0:
  version "1.17.1"
  resolved "https://registry.yarnpkg.com/fastq/-/fastq-1.17.1.tgz#2a523f07a4e7b1e81a42b91b8bf2254107753b47"
  integrity sha512-sRVD3lWVIXWg6By68ZN7vho9a1pQcN/WBFaAAsDDFzlJjvoGx0P8z7V1t72grFJfJhu3YPZBuu25f7Kaw2jN1w==
  dependencies:
    reusify "^1.0.4"

fill-range@^7.1.1:
  version "7.1.1"
  resolved "https://registry.yarnpkg.com/fill-range/-/fill-range-7.1.1.tgz#44265d3cac07e3ea7dc247516380643754a05292"
  integrity sha512-YsGpe3WHLK8ZYi4tWDg2Jy3ebRz2rXowDxnld4bkQB00cc/1Zw9AWnC0i9ztDJitivtQvaI9KaLyKrc+hBW0yg==
  dependencies:
    to-regex-range "^5.0.1"

glob-parent@^5.1.2:
  version "5.1.2"
  resolved "https://registry.yarnpkg.com/glob-parent/-/glob-parent-5.1.2.tgz#869832c58034fe68a4093c17dc15e8340d8401c4"
  integrity sha512-AOIgSQCepiJYwP3ARnGx+5VnTu2HBYdzbGP45eLw1vr3zB3vZLeyed1sC9hnbcOc9/SrMyM5RPQrkGz4aS9Zow==
  dependencies:
    is-glob "^4.0.1"

is-extglob@^2.1.1:
  version "2.1.1"
  resolved "https://registry.yarnpkg.com/is-extglob/-/is-extglob-2.1.1.tgz#a88c02535791f02ed37c76a1b9ea9773c833f8c2"
  integrity sha512-SbKbANkN603Vi4jEZv49LeVJMn4yGwsbzZworEoyEiutsN3nJYdbO36zfhGJ6QEDpOZIFkDtnq5JRxmvl3jsoQ==

is-glob@^4.0.1:
  version "4.0.3"
  resolved "https://registry.yarnpkg.com/is-glob/-/is-glob-4.0.3.tgz#64f61e42cbbb2eec2071a9dac0b28ba1e65d5084"
  integrity sha512-xelSayHH36ZgE7ZWhli7pW34hNbNl8Ojv5KVmkJD4hBdD3th8Tfk9vYasLM+mXWOZhFkgZfxhLSnrwRr4elSSg==
  dependencies:
    is-extglob "^2.1.1"

is-number@^7.0.0:
  version "7.0.0"
  resolved "https://registry.yarnpkg.com/is-number/-/is-number-7.0.0.tgz#7535345b896734d5f80c4d06c50955527a14f12b"
  integrity sha512-41Cifkg6e8TylSpdtTpeLVMqvSBEVzTttHvERD741+pnZ8ANv0004MRL43QKPDlK9cGvNp6NZWZUBlbGXYxxng==

jsonc-parser@^2.3.0:
  version "2.3.1"
  resolved "https://registry.yarnpkg.com/jsonc-parser/-/jsonc-parser-2.3.1.tgz#59549150b133f2efacca48fe9ce1ec0659af2342"
  integrity sha512-H8jvkz1O50L3dMZCsLqiuB2tA7muqbSg1AtGEkN0leAqGjsUzDJir3Zwr02BhqdcITPg3ei3mZ+HjMocAknhhg==

merge2@^1.3.0:
  version "1.4.1"
  resolved "https://registry.yarnpkg.com/merge2/-/merge2-1.4.1.tgz#4368892f885e907455a6fd7dc55c0c9d404990ae"
  integrity sha512-8q7VEgMJW4J8tcfVPy8g09NcQwZdbwFEqhe/WZkoIzjn/3TGDwtOCYtXGxA3O8tPzpczCCDgv+P2P5y00ZJOOg==

micromatch@^4.0.4:
  version "4.0.7"
  resolved "https://registry.yarnpkg.com/micromatch/-/micromatch-4.0.7.tgz#33e8190d9fe474a9895525f5618eee136d46c2e5"
  integrity sha512-LPP/3KorzCwBxfeUuZmaR6bG2kdeHSbe0P2tY3FLRU4vYrjYz5hI4QZwV0njUx3jeuKe67YukQ1LSPZBKDqO/Q==
  dependencies:
    braces "^3.0.3"
    picomatch "^2.3.1"

muggle-string@^0.4.1:
  version "0.4.1"
  resolved "https://registry.yarnpkg.com/muggle-string/-/muggle-string-0.4.1.tgz#3b366bd43b32f809dc20659534dd30e7c8a0d328"
  integrity sha512-VNTrAak/KhO2i8dqqnqnAHOa3cYBwXEZe9h+D5h/1ZqFSTEFHdM65lR7RoIqq3tBBYavsOXV84NoHXZ0AkPyqQ==

path-browserify@^1.0.1:
  version "1.0.1"
  resolved "https://registry.yarnpkg.com/path-browserify/-/path-browserify-1.0.1.tgz#d98454a9c3753d5790860f16f68867b9e46be1fd"
  integrity sha512-b7uo2UCUOYZcnF/3ID0lulOJi/bafxa1xPe7ZPsammBSpjSWQkjNxlt635YGS2MiR9GjvuXCtz2emr3jbsz98g==

picomatch@^2.3.1:
  version "2.3.1"
  resolved "https://registry.yarnpkg.com/picomatch/-/picomatch-2.3.1.tgz#3ba3833733646d9d3e4995946c1365a67fb07a42"
  integrity sha512-JU3teHTNjmE2VCGFzuY8EXzCDVwEqB2a8fsIvwaStHhAWJEeVd1o1QD80CU6+ZdEXXSLbSsuLwJjkCBWqRQUVA==

queue-microtask@^1.2.2:
  version "1.2.3"
  resolved "https://registry.yarnpkg.com/queue-microtask/-/queue-microtask-1.2.3.tgz#4929228bbc724dfac43e0efb058caf7b6cfb6243"
  integrity sha512-NuaNSa6flKT5JaSYQzJok04JzTL1CA6aGhv5rfLW3PgqA+M2ChpZQnAC8h8i4ZFkBS8X5RqkDBHA7r4hej3K9A==

request-light@^0.7.0:
  version "0.7.0"
  resolved "https://registry.yarnpkg.com/request-light/-/request-light-0.7.0.tgz#885628bb2f8040c26401ebf258ec51c4ae98ac2a"
  integrity sha512-lMbBMrDoxgsyO+yB3sDcrDuX85yYt7sS8BfQd11jtbW/z5ZWgLZRcEGLsLoYw7I0WSUGQBs8CC8ScIxkTX1+6Q==

reusify@^1.0.4:
  version "1.0.4"
  resolved "https://registry.yarnpkg.com/reusify/-/reusify-1.0.4.tgz#90da382b1e126efc02146e90845a88db12925d76"
  integrity sha512-U9nH88a3fc/ekCF1l0/UP1IosiuIjyTh7hBvXVMHYgVcfGvt897Xguj2UOLDeI5BG2m7/uwyaLVT6fbtCwTyzw==

run-parallel@^1.1.9:
  version "1.2.0"
  resolved "https://registry.yarnpkg.com/run-parallel/-/run-parallel-1.2.0.tgz#66d1368da7bdf921eb9d95bd1a9229e7f21a43ee"
  integrity sha512-5l4VyZR86LZ/lDxZTR6jqL8AFE2S0IFLMP26AbjsLVADxHdhB/c0GUsH+y39UfCi3dzz8OlQuPmnaJOMoDHQBA==
  dependencies:
    queue-microtask "^1.2.2"

semver@^7.3.8, semver@^7.6.2:
  version "7.6.3"
  resolved "https://registry.yarnpkg.com/semver/-/semver-7.6.3.tgz#980f7b5550bc175fb4dc09403085627f9eb33143"
  integrity sha512-oVekP1cKtI+CTDvHWYFUcMtsK/00wmAEfyqKfNdARm8u1wNVhSgaX7A8d4UuIlUI5e84iEwOhs7ZPYRmzU9U6A==

to-regex-range@^5.0.1:
  version "5.0.1"
  resolved "https://registry.yarnpkg.com/to-regex-range/-/to-regex-range-5.0.1.tgz#1648c44aae7c8d988a326018ed72f5b4dd0392e4"
  integrity sha512-65P7iz6X5yEr1cwcgvQxbbIw7Uk3gOy5dIdtZ4rDveLqhrdJP+Li/Hx6tyK0NEb+2GCyneCMJiGqrADCSNk8sQ==
  dependencies:
    is-number "^7.0.0"

typesafe-path@^0.2.2:
  version "0.2.2"
  resolved "https://registry.yarnpkg.com/typesafe-path/-/typesafe-path-0.2.2.tgz#91a436681b2f514badb114061b6a5e5c2b8943b1"
  integrity sha512-OJabfkAg1WLZSqJAJ0Z6Sdt3utnbzr/jh+NAHoyWHJe8CMSy79Gm085094M9nvTPy22KzTVn5Zq5mbapCI/hPA==

typescript-auto-import-cache@^0.3.3:
  version "0.3.3"
  resolved "https://registry.yarnpkg.com/typescript-auto-import-cache/-/typescript-auto-import-cache-0.3.3.tgz#45f376313d1eb0929ce47ef1d1aae5a353d060a3"
  integrity sha512-ojEC7+Ci1ij9eE6hp8Jl9VUNnsEKzztktP5gtYNRMrTmfXVwA1PITYYAkpxCvvupdSYa/Re51B6KMcv1CTZEUA==
  dependencies:
    semver "^7.3.8"

volar-service-css@0.0.59:
  version "0.0.59"
  resolved "https://registry.yarnpkg.com/volar-service-css/-/volar-service-css-0.0.59.tgz#28efe8dbb2052316e94e21b30e340e2030aeed71"
  integrity sha512-gLNjJnECbalPvQB7qeJjhkDN8sR5M3ItbVYjnyio61aHaWptIiXm/HfDahcQ2ApwmvWidkMWWegjGq5L0BENDA==
  dependencies:
    vscode-css-languageservice "^6.3.0"
    vscode-languageserver-textdocument "^1.0.11"
    vscode-uri "^3.0.8"

volar-service-emmet@0.0.59:
  version "0.0.59"
  resolved "https://registry.yarnpkg.com/volar-service-emmet/-/volar-service-emmet-0.0.59.tgz#8429f6c6d675cedd12337cb769a97a65a1e51e3f"
  integrity sha512-6EynHcuMwMBETpK29TbZvIMmvzdVG+Tkokk9VWfZeI+SwDptk2tgdhEqiXXvIkqYNgbuu73Itp66lpH76cAU+Q==
  dependencies:
    "@emmetio/css-parser" "^0.4.0"
    "@emmetio/html-matcher" "^1.3.0"
    "@vscode/emmet-helper" "^2.9.3"
    vscode-uri "^3.0.8"

volar-service-html@0.0.59:
  version "0.0.59"
  resolved "https://registry.yarnpkg.com/volar-service-html/-/volar-service-html-0.0.59.tgz#1b2837f6688f56230aa9e1962700af39141d424d"
  integrity sha512-hEXOsYpILDlITZxnqRLV9OepVWD63GZBsyjMxszwdzlxvGZjzbGcBBinJGGJRwFIV8djdJwnt91bkdg1V5tj6Q==
  dependencies:
    vscode-html-languageservice "^5.3.0"
    vscode-languageserver-textdocument "^1.0.11"
    vscode-uri "^3.0.8"

volar-service-prettier@0.0.59:
  version "0.0.59"
  resolved "https://registry.yarnpkg.com/volar-service-prettier/-/volar-service-prettier-0.0.59.tgz#d35f5e2c9f7be3ae066de15437adabc49736af41"
  integrity sha512-FmBR4lsgFRGR3V0LnxZZal0WqdOJjuLL6mQSj4p57M15APtQwuocG/FiF+ONGFnwRXMOIBDBTCARdth+TKgL3A==
  dependencies:
    vscode-uri "^3.0.8"

volar-service-typescript-twoslash-queries@0.0.59:
  version "0.0.59"
  resolved "https://registry.yarnpkg.com/volar-service-typescript-twoslash-queries/-/volar-service-typescript-twoslash-queries-0.0.59.tgz#8aeaae13843cf68d98ca75285c081017df5ba06c"
  integrity sha512-skm8e6yhCIkqLwJB6S9MqT5lO9LNFuMD3dYxKpmOZs1CKbXmCZZTmLfEaD5VkJae1xdleEDZFFTHl2O5HLjOGQ==
  dependencies:
    vscode-uri "^3.0.8"

volar-service-typescript@0.0.59:
  version "0.0.59"
  resolved "https://registry.yarnpkg.com/volar-service-typescript/-/volar-service-typescript-0.0.59.tgz#9b549b3fd1e97026f0b4a9de199b39806ee02e5a"
  integrity sha512-VCOpfiu+lUo5lapWLB5L5vmQGtwzmNWn5MueV915eku7blpphmE+Z7hCNcL1NApn7AetXWhiblv8ZhmUx/dGIA==
  dependencies:
    path-browserify "^1.0.1"
    semver "^7.6.2"
    typescript-auto-import-cache "^0.3.3"
    vscode-languageserver-textdocument "^1.0.11"
    vscode-nls "^5.2.0"
    vscode-uri "^3.0.8"

vscode-css-languageservice@^6.3.0:
  version "6.3.0"
  resolved "https://registry.yarnpkg.com/vscode-css-languageservice/-/vscode-css-languageservice-6.3.0.tgz#51724d193d19b1a9075b1cef5cfeea6a555d2aa4"
  integrity sha512-nU92imtkgzpCL0xikrIb8WvedV553F2BENzgz23wFuok/HLN5BeQmroMy26pUwFxV2eV8oNRmYCUv8iO7kSMhw==
  dependencies:
    "@vscode/l10n" "^0.0.18"
    vscode-languageserver-textdocument "^1.0.11"
    vscode-languageserver-types "3.17.5"
    vscode-uri "^3.0.8"

vscode-html-languageservice@^5.2.0, vscode-html-languageservice@^5.3.0:
  version "5.3.0"
  resolved "https://registry.yarnpkg.com/vscode-html-languageservice/-/vscode-html-languageservice-5.3.0.tgz#298ae5600c6749cbb95838975d07f449c44cb478"
  integrity sha512-C4Z3KsP5Ih+fjHpiBc5jxmvCl+4iEwvXegIrzu2F5pktbWvQaBT3YkVPk8N+QlSSMk8oCG6PKtZ/Sq2YHb5e8g==
  dependencies:
    "@vscode/l10n" "^0.0.18"
    vscode-languageserver-textdocument "^1.0.11"
    vscode-languageserver-types "^3.17.5"
    vscode-uri "^3.0.8"

vscode-jsonrpc@8.2.0:
  version "8.2.0"
  resolved "https://registry.yarnpkg.com/vscode-jsonrpc/-/vscode-jsonrpc-8.2.0.tgz#f43dfa35fb51e763d17cd94dcca0c9458f35abf9"
  integrity sha512-C+r0eKJUIfiDIfwJhria30+TYWPtuHJXHtI7J0YlOmKAo7ogxP20T0zxB7HZQIFhIyvoBPwWskjxrvAtfjyZfA==

vscode-languageserver-protocol@3.17.5, vscode-languageserver-protocol@^3.17.5:
  version "3.17.5"
  resolved "https://registry.yarnpkg.com/vscode-languageserver-protocol/-/vscode-languageserver-protocol-3.17.5.tgz#864a8b8f390835572f4e13bd9f8313d0e3ac4bea"
  integrity sha512-mb1bvRJN8SVznADSGWM9u/b07H7Ecg0I3OgXDuLdn307rl/J3A9YD6/eYOssqhecL27hK1IPZAsaqh00i/Jljg==
  dependencies:
    vscode-jsonrpc "8.2.0"
    vscode-languageserver-types "3.17.5"

vscode-languageserver-textdocument@^1.0.1, vscode-languageserver-textdocument@^1.0.11:
  version "1.0.11"
  resolved "https://registry.yarnpkg.com/vscode-languageserver-textdocument/-/vscode-languageserver-textdocument-1.0.11.tgz#0822a000e7d4dc083312580d7575fe9e3ba2e2bf"
  integrity sha512-X+8T3GoiwTVlJbicx/sIAF+yuJAqz8VvwJyoMVhwEMoEKE/fkDmrqUgDMyBECcM2A2frVZIUj5HI/ErRXCfOeA==

vscode-languageserver-types@3.17.5, vscode-languageserver-types@^3.15.1, vscode-languageserver-types@^3.17.5:
  version "3.17.5"
  resolved "https://registry.yarnpkg.com/vscode-languageserver-types/-/vscode-languageserver-types-3.17.5.tgz#3273676f0cf2eab40b3f44d085acbb7f08a39d8a"
  integrity sha512-Ld1VelNuX9pdF39h2Hgaeb5hEZM2Z3jUrrMgWQAu82jMtZp7p3vJT3BzToKtZI7NgQssZje5o0zryOrhQvzQAg==

vscode-languageserver@^9.0.1:
  version "9.0.1"
  resolved "https://registry.yarnpkg.com/vscode-languageserver/-/vscode-languageserver-9.0.1.tgz#500aef82097eb94df90d008678b0b6b5f474015b"
  integrity sha512-woByF3PDpkHFUreUa7Hos7+pUWdeWMXRd26+ZX2A8cFx6v/JPTtd4/uN0/jB6XQHYaOlHbio03NTHCqrgG5n7g==
  dependencies:
    vscode-languageserver-protocol "3.17.5"

vscode-nls@^5.2.0:
  version "5.2.0"
  resolved "https://registry.yarnpkg.com/vscode-nls/-/vscode-nls-5.2.0.tgz#3cb6893dd9bd695244d8a024bdf746eea665cc3f"
  integrity sha512-RAaHx7B14ZU04EU31pT+rKz2/zSl7xMsfIZuo8pd+KZO6PXtQmpevpq3vxvWNcrGbdmhM/rr5Uw5Mz+NBfhVng==

vscode-uri@^2.1.2:
  version "2.1.2"
  resolved "https://registry.yarnpkg.com/vscode-uri/-/vscode-uri-2.1.2.tgz#c8d40de93eb57af31f3c715dd650e2ca2c096f1c"
  integrity sha512-8TEXQxlldWAuIODdukIb+TR5s+9Ds40eSJrw+1iDDA9IFORPjMELarNQE3myz5XIkWWpdprmJjm1/SxMlWOC8A==

vscode-uri@^3.0.8:
  version "3.0.8"
  resolved "https://registry.yarnpkg.com/vscode-uri/-/vscode-uri-3.0.8.tgz#1770938d3e72588659a172d0fd4642780083ff9f"
  integrity sha512-AyFQ0EVmsOZOlAnxoFOGOq1SQDWAB7C6aqMGS23svWAllfOaxbuFvcT8D1i8z3Gyn8fraVeZNNmN6e9bxxXkKw==
